
Microsoft Visual Studio Solution File, Format Version 12.00
# Visual Studio Version 16
VisualStudioVersion = 16.0.30611.23
MinimumVisualStudioVersion = 10.0.40219.1
Project("{9A19103F-16F7-4668-BE54-9A1E7A4F7556}") = "proyectoAnalisis2", "proyectoAnalisis2.csproj", "{BB866D6F-F4F0-4B5D-8391-27E56B588F86}"
EndProject
Global
	GlobalSection(SolutionConfigurationPlatforms) = preSolution
		Debug|Any CPU = Debug|Any CPU
		Release|Any CPU = Release|Any CPU
	EndGlobalSection
	GlobalSection(ProjectConfigurationPlatforms) = postSolution
		{BB866D6F-F4F0-4B5D-8391-27E56B588F86}.Debug|Any CPU.ActiveCfg = Debug|Any CPU
		{BB866D6F-F4F0-4B5D-8391-27E56B588F86}.Debug|Any CPU.Build.0 = Debug|Any CPU
		{BB866D6F-F4F0-4B5D-8391-27E56B588F86}.Release|Any CPU.ActiveCfg = Release|Any CPU
		{BB866D6F-F4F0-4B5D-8391-27E56B588F86}.Release|Any CPU.Build.0 = Release|Any CPU
	EndGlobalSection
	GlobalSection(SolutionProperties) = preSolution
		HideSolutionNode = FALSE
	EndGlobalSection
	GlobalSection(ExtensibilityGlobals) = postSolution
		SolutionGuid = {38F4DF09-EC86-4C4E-92B3-6B8A6AD7C4BC}
	EndGlobalSection
EndGlobal
